PODS:
  - boost-for-react-native (1.63.0)
  - Branch (0.27.1):
    - Branch/Core (= 0.27.1)
  - Branch/Core (0.27.1)
  - BVLinearGradient (2.5.6):
    - React
  - Crashlytics (3.14.0):
    - Fabric (~> 1.10.2)
  - DoubleConversion (1.1.6)
  - Fabric (1.10.2)
  - FBLazyVector (0.61.2)
  - FBReactNativeSpec (0.61.2):
    - Folly (= 2018.10.22.00)
    - RCTRequired (= 0.61.2)
    - RCTTypeSafety (= 0.61.2)
    - React-Core (= 0.61.2)
    - React-jsi (= 0.61.2)
    - ReactCommon/turbomodule/core (= 0.61.2)
  - Firebase (6.13.0):
    - Firebase/Core (= 6.13.0)
  - Firebase/Auth (6.13.0):
    - Firebase/CoreOnly
    - FirebaseAuth (~> 6.4.0)
  - Firebase/Core (6.13.0):
    - Firebase/CoreOnly
    - FirebaseAnalytics (= 6.1.6)
  - Firebase/CoreOnly (6.13.0):
    - FirebaseCore (= 6.4.0)
  - Firebase/Database (6.13.0):
    - Firebase/CoreOnly
    - FirebaseDatabase (~> 6.1.2)
  - Firebase/Messaging (6.13.0):
    - Firebase/CoreOnly
    - FirebaseMessaging (~> 4.1.9)
  - Firebase/Storage (6.13.0):
    - Firebase/CoreOnly
    - FirebaseStorage (~> 3.4.2)
  - FirebaseAnalytics (6.1.6):
    - FirebaseCore (~> 6.4)
    - FirebaseInstanceID (~> 4.2)
    - GoogleAppMeasurement (= 6.1.6)
    - GoogleUtilities/AppDelegateSwizzler (~> 6.0)
    - GoogleUtilities/MethodSwizzler (~> 6.0)
    - GoogleUtilities/Network (~> 6.0)
    - GoogleUtilities/NSData+zlib (~> 6.0)
    - nanopb (= 0.3.9011)
  - FirebaseAnalyticsInterop (1.4.0)
  - FirebaseAuth (6.4.0):
    - FirebaseAuthInterop (~> 1.0)
    - FirebaseCore (~> 6.2)
    - GoogleUtilities/AppDelegateSwizzler (~> 6.2)
    - GoogleUtilities/Environment (~> 6.2)
    - GTMSessionFetcher/Core (~> 1.1)
  - FirebaseAuthInterop (1.0.0)
  - FirebaseCore (6.4.0):
    - FirebaseCoreDiagnostics (~> 1.0)
    - FirebaseCoreDiagnosticsInterop (~> 1.0)
    - GoogleUtilities/Environment (~> 6.2)
    - GoogleUtilities/Logger (~> 6.2)
  - FirebaseCoreDiagnostics (1.1.2):
    - FirebaseCoreDiagnosticsInterop (~> 1.0)
    - GoogleDataTransportCCTSupport (~> 1.0)
    - GoogleUtilities/Environment (~> 6.2)
    - GoogleUtilities/Logger (~> 6.2)
    - nanopb (~> 0.3.901)
  - FirebaseCoreDiagnosticsInterop (1.1.0)
  - FirebaseDatabase (6.1.2):
    - FirebaseAuthInterop (~> 1.0)
    - FirebaseCore (~> 6.0)
    - leveldb-library (~> 1.22)
  - FirebaseInstanceID (4.2.7):
    - FirebaseCore (~> 6.0)
    - GoogleUtilities/Environment (~> 6.0)
    - GoogleUtilities/UserDefaults (~> 6.0)
  - FirebaseMessaging (4.1.9):
    - FirebaseAnalyticsInterop (~> 1.3)
    - FirebaseCore (~> 6.2)
    - FirebaseInstanceID (~> 4.1)
    - GoogleUtilities/AppDelegateSwizzler (~> 6.2)
    - GoogleUtilities/Environment (~> 6.2)
    - GoogleUtilities/Reachability (~> 6.2)
    - GoogleUtilities/UserDefaults (~> 6.2)
    - Protobuf (>= 3.9.2, ~> 3.9)
  - FirebaseStorage (3.4.2):
    - FirebaseAuthInterop (~> 1.0)
    - FirebaseCore (~> 6.0)
    - GTMSessionFetcher/Core (~> 1.1)
  - Folly (2018.10.22.00):
    - boost-for-react-native
    - DoubleConversion
    - Folly/Default (= 2018.10.22.00)
    - glog
  - Folly/Default (2018.10.22.00):
    - boost-for-react-native
    - DoubleConversion
    - glog
  - glog (0.3.5)
  - GoogleAppMeasurement (6.1.6):
    - GoogleUtilities/AppDelegateSwizzler (~> 6.0)
    - GoogleUtilities/MethodSwizzler (~> 6.0)
    - GoogleUtilities/Network (~> 6.0)
    - GoogleUtilities/NSData+zlib (~> 6.0)
    - nanopb (= 0.3.9011)
  - GoogleDataTransport (3.2.0)
  - GoogleDataTransportCCTSupport (1.2.2):
    - GoogleDataTransport (~> 3.2)
    - nanopb (~> 0.3.901)
  - GoogleUtilities/AppDelegateSwizzler (6.3.2):
    - GoogleUtilities/Environment
    - GoogleUtilities/Logger
    - GoogleUtilities/Network
  - GoogleUtilities/Environment (6.3.2)
  - GoogleUtilities/Logger (6.3.2):
    - GoogleUtilities/Environment
  - GoogleUtilities/MethodSwizzler (6.3.2):
    - GoogleUtilities/Logger
  - GoogleUtilities/Network (6.3.2):
    - GoogleUtilities/Logger
    - GoogleUtilities/NSData+zlib
    - GoogleUtilities/Reachability
  - GoogleUtilities/NSData+zlib (6.3.2)
  - GoogleUtilities/Reachability (6.3.2):
    - GoogleUtilities/Logger
  - GoogleUtilities/UserDefaults (6.3.2):
    - GoogleUtilities/Logger
  - GTMSessionFetcher/Core (1.3.0)
  - leveldb-library (1.22)
  - libwebp (1.0.3):
    - libwebp/demux (= 1.0.3)
    - libwebp/mux (= 1.0.3)
    - libwebp/webp (= 1.0.3)
  - libwebp/demux (1.0.3):
    - libwebp/webp
  - libwebp/mux (1.0.3):
    - libwebp/demux
  - libwebp/webp (1.0.3)
  - Mixpanel (3.5.0)
  - nanopb (0.3.9011):
    - nanopb/decode (= 0.3.9011)
    - nanopb/encode (= 0.3.9011)
  - nanopb/decode (0.3.9011)
  - nanopb/encode (0.3.9011)
  - NodeMediaClient (2.6.0)
  - Permission-BluetoothPeripheral (2.0.8):
    - RNPermissions
  - Permission-Calendars (2.0.8):
    - RNPermissions
  - Permission-Camera (2.0.8):
    - RNPermissions
  - Permission-Contacts (2.0.8):
    - RNPermissions
  - Permission-FaceID (2.0.8):
    - RNPermissions
  - Permission-LocationAlways (2.0.8):
    - RNPermissions
  - Permission-LocationWhenInUse (2.0.8):
    - RNPermissions
  - Permission-MediaLibrary (2.0.8):
    - RNPermissions
  - Permission-Microphone (2.0.8):
    - RNPermissions
  - Permission-Motion (2.0.8):
    - RNPermissions
  - Permission-Notifications (2.0.8):
    - RNPermissions
  - Permission-PhotoLibrary (2.0.8):
    - RNPermissions
  - Permission-Reminders (2.0.8):
    - RNPermissions
  - Permission-Siri (2.0.8):
    - RNPermissions
  - Permission-SpeechRecognition (2.0.8):
    - RNPermissions
  - Permission-StoreKit (2.0.8):
    - RNPermissions
  - Protobuf (3.11.1)
  - RCTRequired (0.61.2)
  - RCTTypeSafety (0.61.2):
    - FBLazyVector (= 0.61.2)
    - Folly (= 2018.10.22.00)
    - RCTRequired (= 0.61.2)
    - React-Core (= 0.61.2)
  - React (0.61.2):
    - React-Core (= 0.61.2)
    - React-Core/DevSupport (= 0.61.2)
    - React-Core/RCTWebSocket (= 0.61.2)
    - React-RCTActionSheet (= 0.61.2)
    - React-RCTAnimation (= 0.61.2)
    - React-RCTBlob (= 0.61.2)
    - React-RCTImage (= 0.61.2)
    - React-RCTLinking (= 0.61.2)
    - React-RCTNetwork (= 0.61.2)
    - React-RCTSettings (= 0.61.2)
    - React-RCTText (= 0.61.2)
    - React-RCTVibration (= 0.61.2)
  - React-Core (0.61.2):
    - Folly (= 2018.10.22.00)
    - glog
    - React-Core/Default (= 0.61.2)
    - React-cxxreact (= 0.61.2)
    - React-jsi (= 0.61.2)
    - React-jsiexecutor (= 0.61.2)
    - Yoga
  - React-Core/CoreModulesHeaders (0.61.2):
    - Folly (= 2018.10.22.00)
    - glog
    - React-Core/Default
    - React-cxxreact (= 0.61.2)
    - React-jsi (= 0.61.2)
    - React-jsiexecutor (= 0.61.2)
    - Yoga
  - React-Core/Default (0.61.2):
    - Folly (= 2018.10.22.00)
    - glog
    - React-cxxreact (= 0.61.2)
    - React-jsi (= 0.61.2)
    - React-jsiexecutor (= 0.61.2)
    - Yoga
  - React-Core/DevSupport (0.61.2):
    - Folly (= 2018.10.22.00)
    - glog
    - React-Core/Default (= 0.61.2)
    - React-Core/RCTWebSocket (= 0.61.2)
    - React-cxxreact (= 0.61.2)
    - React-jsi (= 0.61.2)
    - React-jsiexecutor (= 0.61.2)
    - React-jsinspector (= 0.61.2)
    - Yoga
  - React-Core/RCTActionSheetHeaders (0.61.2):
    - Folly (= 2018.10.22.00)
    - glog
    - React-Core/Default
    - React-cxxreact (= 0.61.2)
    - React-jsi (= 0.61.2)
    - React-jsiexecutor (= 0.61.2)
    - Yoga
  - React-Core/RCTAnimationHeaders (0.61.2):
    - Folly (= 2018.10.22.00)
    - glog
    - React-Core/Default
    - React-cxxreact (= 0.61.2)
    - React-jsi (= 0.61.2)
    - React-jsiexecutor (= 0.61.2)
    - Yoga
  - React-Core/RCTBlobHeaders (0.61.2):
    - Folly (= 2018.10.22.00)
    - glog
    - React-Core/Default
    - React-cxxreact (= 0.61.2)
    - React-jsi (= 0.61.2)
    - React-jsiexecutor (= 0.61.2)
    - Yoga
  - React-Core/RCTImageHeaders (0.61.2):
    - Folly (= 2018.10.22.00)
    - glog
    - React-Core/Default
    - React-cxxreact (= 0.61.2)
    - React-jsi (= 0.61.2)
    - React-jsiexecutor (= 0.61.2)
    - Yoga
  - React-Core/RCTLinkingHeaders (0.61.2):
    - Folly (= 2018.10.22.00)
    - glog
    - React-Core/Default
    - React-cxxreact (= 0.61.2)
    - React-jsi (= 0.61.2)
    - React-jsiexecutor (= 0.61.2)
    - Yoga
  - React-Core/RCTNetworkHeaders (0.61.2):
    - Folly (= 2018.10.22.00)
    - glog
    - React-Core/Default
    - React-cxxreact (= 0.61.2)
    - React-jsi (= 0.61.2)
    - React-jsiexecutor (= 0.61.2)
    - Yoga
  - React-Core/RCTSettingsHeaders (0.61.2):
    - Folly (= 2018.10.22.00)
    - glog
    - React-Core/Default
    - React-cxxreact (= 0.61.2)
    - React-jsi (= 0.61.2)
    - React-jsiexecutor (= 0.61.2)
    - Yoga
  - React-Core/RCTTextHeaders (0.61.2):
    - Folly (= 2018.10.22.00)
    - glog
    - React-Core/Default
    - React-cxxreact (= 0.61.2)
    - React-jsi (= 0.61.2)
    - React-jsiexecutor (= 0.61.2)
    - Yoga
  - React-Core/RCTVibrationHeaders (0.61.2):
    - Folly (= 2018.10.22.00)
    - glog
    - React-Core/Default
    - React-cxxreact (= 0.61.2)
    - React-jsi (= 0.61.2)
    - React-jsiexecutor (= 0.61.2)
    - Yoga
  - React-Core/RCTWebSocket (0.61.2):
    - Folly (= 2018.10.22.00)
    - glog
    - React-Core/Default (= 0.61.2)
    - React-cxxreact (= 0.61.2)
    - React-jsi (= 0.61.2)
    - React-jsiexecutor (= 0.61.2)
    - Yoga
  - React-CoreModules (0.61.2):
    - FBReactNativeSpec (= 0.61.2)
    - Folly (= 2018.10.22.00)
    - RCTTypeSafety (= 0.61.2)
    - React-Core/CoreModulesHeaders (= 0.61.2)
    - React-RCTImage (= 0.61.2)
    - ReactCommon/turbomodule/core (= 0.61.2)
  - React-cxxreact (0.61.2):
    - boost-for-react-native (= 1.63.0)
    - DoubleConversion
    - Folly (= 2018.10.22.00)
    - glog
    - React-jsinspector (= 0.61.2)
  - React-jsi (0.61.2):
    - boost-for-react-native (= 1.63.0)
    - DoubleConversion
    - Folly (= 2018.10.22.00)
    - glog
    - React-jsi/Default (= 0.61.2)
  - React-jsi/Default (0.61.2):
    - boost-for-react-native (= 1.63.0)
    - DoubleConversion
    - Folly (= 2018.10.22.00)
    - glog
  - React-jsiexecutor (0.61.2):
    - DoubleConversion
    - Folly (= 2018.10.22.00)
    - glog
    - React-cxxreact (= 0.61.2)
    - React-jsi (= 0.61.2)
  - React-jsinspector (0.61.2)
  - react-native-branch (3.1.1):
    - Branch (= 0.27.1)
    - React
  - react-native-calendar-events (1.7.3):
    - React
  - react-native-camera (3.16.0):
    - React
    - react-native-camera/RCT (= 3.16.0)
    - react-native-camera/RN (= 3.16.0)
  - react-native-camera/RCT (3.16.0):
    - React
  - react-native-camera/RN (3.16.0):
    - React
  - react-native-cameraroll (1.3.0):
    - React
  - react-native-contacts (5.0.4):
    - React
  - react-native-geocoder (0.5.0):
    - React
  - react-native-geolocation (2.0.2):
    - React
  - react-native-image-picker (1.1.0):
    - React
  - react-native-image-resizer (1.1.0):
    - React
  - react-native-keep-awake (4.0.0):
    - React
  - react-native-mapbox-gl (7.0.8):
    - React
  - react-native-maps (0.26.1):
    - React
  - react-native-mixpanel (1.1.10):
    - Mixpanel (~> 3.5.0)
    - React
  - react-native-nodemediaclient (0.1.5):
    - NodeMediaClient (= 2.6.0)
    - React
    - react-native-nodemediaclient/RCTNodeMediaClient (= 0.1.5)
  - react-native-nodemediaclient/RCTNodeMediaClient (0.1.5):
    - NodeMediaClient (= 2.6.0)
    - React
  - react-native-orientation-locker (1.1.8):
    - React
  - react-native-sms (1.10.0):
    - React
  - react-native-splash-screen (3.2.0):
    - React
  - react-native-statusbar (1.0.3):
    - React
  - react-native-video (5.0.2):
    - React
    - react-native-video/Video (= 5.0.2)
  - react-native-video-helper (1.4.4):
    - React
  - react-native-video/Video (5.0.2):
    - React
  - React-RCTActionSheet (0.61.2):
    - React-Core/RCTActionSheetHeaders (= 0.61.2)
  - React-RCTAnimation (0.61.2):
    - React-Core/RCTAnimationHeaders (= 0.61.2)
  - React-RCTBlob (0.61.2):
    - React-Core/RCTBlobHeaders (= 0.61.2)
    - React-Core/RCTWebSocket (= 0.61.2)
    - React-jsi (= 0.61.2)
    - React-RCTNetwork (= 0.61.2)
  - React-RCTImage (0.61.2):
    - React-Core/RCTImageHeaders (= 0.61.2)
    - React-RCTNetwork (= 0.61.2)
  - React-RCTLinking (0.61.2):
    - React-Core/RCTLinkingHeaders (= 0.61.2)
  - React-RCTNetwork (0.61.2):
    - React-Core/RCTNetworkHeaders (= 0.61.2)
  - React-RCTSettings (0.61.2):
    - React-Core/RCTSettingsHeaders (= 0.61.2)
  - React-RCTText (0.61.2):
    - React-Core/RCTTextHeaders (= 0.61.2)
  - React-RCTVibration (0.61.2):
    - React-Core/RCTVibrationHeaders (= 0.61.2)
  - ReactCommon/jscallinvoker (0.61.2):
    - DoubleConversion
    - Folly (= 2018.10.22.00)
    - glog
    - React-cxxreact (= 0.61.2)
  - ReactCommon/turbomodule/core (0.61.2):
    - DoubleConversion
    - Folly (= 2018.10.22.00)
    - glog
    - React-Core (= 0.61.2)
    - React-cxxreact (= 0.61.2)
    - React-jsi (= 0.61.2)
    - ReactCommon/jscallinvoker (= 0.61.2)
  - ReactNativeAutogrowTextinput (5.3.0):
    - React
  - ReactNativeKeyboardInput (6.0.0):
    - React
  - ReactNativeKeyboardTrackingView (5.6.1):
    - React
  - rn-fetch-blob (0.11.2):
    - React-Core
  - RNAwesomeCardIO (0.8.2):
    - React
  - RNCAsyncStorage (1.6.3):
    - React
  - RNFastImage (7.0.2):
    - React
    - SDWebImage (~> 5.0)
    - SDWebImageWebPCoder (~> 0.2.3)
  - RNFirebase (5.5.6):
    - Firebase/Core
    - React
    - RNFirebase/Crashlytics (= 5.5.6)
  - RNFirebase/Crashlytics (5.5.6):
    - Crashlytics
    - Fabric
    - Firebase/Core
    - React
  - RNFS (2.16.2):
    - React
  - RNGestureHandler (1.5.2):
    - React
  - RNInAppBrowser (3.3.3):
    - React
  - RNPermissions (2.0.8):
    - React
  - RNReanimated (1.4.0):
    - React
  - RNScreens (2.0.0-alpha.19):
    - React
  - RNSVG (11.0.1):
    - React
  - RNVectorIcons (6.6.0):
    - React
  - SDWebImage (5.4.0):
    - SDWebImage/Core (= 5.4.0)
  - SDWebImage/Core (5.4.0)
  - SDWebImageWebPCoder (0.2.5):
    - libwebp (~> 1.0)
    - SDWebImage/Core (~> 5.0)
  - Stripe (14.0.0)
  - tipsi-stripe (7.5.1):
    - React
    - Stripe (~> 14.0.0)
  - Yoga (1.14.0)

DEPENDENCIES:
  - BVLinearGradient (from `../node_modules/react-native-linear-gradient`)
  - Crashlytics
  - DoubleConversion (from `../node_modules/react-native/third-party-podspecs/DoubleConversion.podspec`)
  - Fabric
  - FBLazyVector (from `../node_modules/react-native/Libraries/FBLazyVector`)
  - FBReactNativeSpec (from `../node_modules/react-native/Libraries/FBReactNativeSpec`)
  - Firebase
  - Firebase/Auth
  - Firebase/Database
  - Firebase/Messaging
  - Firebase/Storage
  - Folly (from `../node_modules/react-native/third-party-podspecs/Folly.podspec`)
  - glog (from `../node_modules/react-native/third-party-podspecs/glog.podspec`)
  - Permission-BluetoothPeripheral (from `../node_modules/react-native-permissions/ios/BluetoothPeripheral.podspec`)
  - Permission-Calendars (from `../node_modules/react-native-permissions/ios/Calendars.podspec`)
  - Permission-Camera (from `../node_modules/react-native-permissions/ios/Camera.podspec`)
  - Permission-Contacts (from `../node_modules/react-native-permissions/ios/Contacts.podspec`)
  - Permission-FaceID (from `../node_modules/react-native-permissions/ios/FaceID.podspec`)
  - Permission-LocationAlways (from `../node_modules/react-native-permissions/ios/LocationAlways.podspec`)
  - Permission-LocationWhenInUse (from `../node_modules/react-native-permissions/ios/LocationWhenInUse.podspec`)
  - Permission-MediaLibrary (from `../node_modules/react-native-permissions/ios/MediaLibrary.podspec`)
  - Permission-Microphone (from `../node_modules/react-native-permissions/ios/Microphone.podspec`)
  - Permission-Motion (from `../node_modules/react-native-permissions/ios/Motion.podspec`)
  - Permission-Notifications (from `../node_modules/react-native-permissions/ios/Notifications.podspec`)
  - Permission-PhotoLibrary (from `../node_modules/react-native-permissions/ios/PhotoLibrary.podspec`)
  - Permission-Reminders (from `../node_modules/react-native-permissions/ios/Reminders.podspec`)
  - Permission-Siri (from `../node_modules/react-native-permissions/ios/Siri.podspec`)
  - Permission-SpeechRecognition (from `../node_modules/react-native-permissions/ios/SpeechRecognition.podspec`)
  - Permission-StoreKit (from `../node_modules/react-native-permissions/ios/StoreKit.podspec`)
  - RCTRequired (from `../node_modules/react-native/Libraries/RCTRequired`)
  - RCTTypeSafety (from `../node_modules/react-native/Libraries/TypeSafety`)
  - React (from `../node_modules/react-native/`)
  - React-Core (from `../node_modules/react-native/`)
  - React-Core/DevSupport (from `../node_modules/react-native/`)
  - React-Core/RCTWebSocket (from `../node_modules/react-native/`)
  - React-CoreModules (from `../node_modules/react-native/React/CoreModules`)
  - React-cxxreact (from `../node_modules/react-native/ReactCommon/cxxreact`)
  - React-jsi (from `../node_modules/react-native/ReactCommon/jsi`)
  - React-jsiexecutor (from `../node_modules/react-native/ReactCommon/jsiexecutor`)
  - React-jsinspector (from `../node_modules/react-native/ReactCommon/jsinspector`)
  - react-native-branch (from `../node_modules/react-native-branch`)
  - react-native-calendar-events (from `../node_modules/react-native-calendar-events`)
  - react-native-camera (from `../node_modules/react-native-camera`)
  - react-native-cameraroll (from `../node_modules/@react-native-community/cameraroll`)
  - react-native-contacts (from `../node_modules/react-native-contacts`)
  - react-native-geocoder (from `../node_modules/react-native-geocoder`)
  - react-native-geolocation (from `../node_modules/@react-native-community/geolocation`)
  - react-native-image-picker (from `../node_modules/react-native-image-picker`)
  - react-native-image-resizer (from `../node_modules/react-native-image-resizer`)
  - react-native-keep-awake (from `../node_modules/react-native-keep-awake`)
  - react-native-mapbox-gl (from `../node_modules/@react-native-mapbox-gl/maps`)
  - react-native-maps (from `../node_modules/react-native-maps`)
  - react-native-mixpanel (from `../node_modules/react-native-mixpanel`)
  - react-native-nodemediaclient (from `../node_modules/react-native-nodemediaclient`)
  - react-native-orientation-locker (from `../node_modules/react-native-orientation-locker`)
  - react-native-sms (from `../node_modules/react-native-sms`)
  - react-native-splash-screen (from `../node_modules/react-native-splash-screen`)
  - react-native-statusbar (from `../node_modules/@react-native-community/status-bar`)
  - react-native-video (from `../node_modules/react-native-video`)
  - react-native-video-helper (from `../node_modules/react-native-video-helper`)
  - React-RCTActionSheet (from `../node_modules/react-native/Libraries/ActionSheetIOS`)
  - React-RCTAnimation (from `../node_modules/react-native/Libraries/NativeAnimation`)
  - React-RCTBlob (from `../node_modules/react-native/Libraries/Blob`)
  - React-RCTImage (from `../node_modules/react-native/Libraries/Image`)
  - React-RCTLinking (from `../node_modules/react-native/Libraries/LinkingIOS`)
  - React-RCTNetwork (from `../node_modules/react-native/Libraries/Network`)
  - React-RCTSettings (from `../node_modules/react-native/Libraries/Settings`)
  - React-RCTText (from `../node_modules/react-native/Libraries/Text`)
  - React-RCTVibration (from `../node_modules/react-native/Libraries/Vibration`)
  - ReactCommon/jscallinvoker (from `../node_modules/react-native/ReactCommon`)
  - ReactCommon/turbomodule/core (from `../node_modules/react-native/ReactCommon`)
  - ReactNativeAutogrowTextinput (from `../node_modules/react-native-autogrow-textinput`)
  - ReactNativeKeyboardInput (from `../node_modules/react-native-keyboard-input`)
  - ReactNativeKeyboardTrackingView (from `../node_modules/react-native-keyboard-tracking-view`)
  - rn-fetch-blob (from `../node_modules/rn-fetch-blob`)
  - RNAwesomeCardIO (from `../node_modules/react-native-awesome-card-io`)
  - RNCAsyncStorage (from `../node_modules/@react-native-community/async-storage`)
  - RNFastImage (from `../node_modules/react-native-fast-image`)
  - RNFirebase (from `../node_modules/react-native-firebase/ios`)
  - RNFS (from `../node_modules/react-native-fs`)
  - RNGestureHandler (from `../node_modules/react-native-gesture-handler`)
  - RNInAppBrowser (from `../node_modules/react-native-inappbrowser-reborn`)
  - RNPermissions (from `../node_modules/react-native-permissions`)
  - RNReanimated (from `../node_modules/react-native-reanimated`)
  - RNScreens (from `../node_modules/react-native-screens`)
  - RNSVG (from `../node_modules/react-native-svg`)
  - RNVectorIcons (from `../node_modules/react-native-vector-icons`)
  - Stripe
  - tipsi-stripe (from `../node_modules/tipsi-stripe`)
  - Yoga (from `../node_modules/react-native/ReactCommon/yoga`)

EXTERNAL SOURCES:
  BVLinearGradient:
    :path: ../node_modules/react-native-linear-gradient
  DoubleConversion:
    :podspec: ../node_modules/react-native/third-party-podspecs/DoubleConversion.podspec
  FBLazyVector:
    :path: ../node_modules/react-native/Libraries/FBLazyVector
  FBReactNativeSpec:
    :path: ../node_modules/react-native/Libraries/FBReactNativeSpec
  Folly:
    :podspec: ../node_modules/react-native/third-party-podspecs/Folly.podspec
  glog:
    :podspec: ../node_modules/react-native/third-party-podspecs/glog.podspec
  Permission-BluetoothPeripheral:
    :path: ../node_modules/react-native-permissions/ios/BluetoothPeripheral.podspec
  Permission-Calendars:
    :path: ../node_modules/react-native-permissions/ios/Calendars.podspec
  Permission-Camera:
    :path: ../node_modules/react-native-permissions/ios/Camera.podspec
  Permission-Contacts:
    :path: ../node_modules/react-native-permissions/ios/Contacts.podspec
  Permission-FaceID:
    :path: ../node_modules/react-native-permissions/ios/FaceID.podspec
  Permission-LocationAlways:
    :path: ../node_modules/react-native-permissions/ios/LocationAlways.podspec
  Permission-LocationWhenInUse:
    :path: ../node_modules/react-native-permissions/ios/LocationWhenInUse.podspec
  Permission-MediaLibrary:
    :path: ../node_modules/react-native-permissions/ios/MediaLibrary.podspec
  Permission-Microphone:
    :path: ../node_modules/react-native-permissions/ios/Microphone.podspec
  Permission-Motion:
    :path: ../node_modules/react-native-permissions/ios/Motion.podspec
  Permission-Notifications:
    :path: ../node_modules/react-native-permissions/ios/Notifications.podspec
  Permission-PhotoLibrary:
    :path: ../node_modules/react-native-permissions/ios/PhotoLibrary.podspec
  Permission-Reminders:
    :path: ../node_modules/react-native-permissions/ios/Reminders.podspec
  Permission-Siri:
    :path: ../node_modules/react-native-permissions/ios/Siri.podspec
  Permission-SpeechRecognition:
    :path: ../node_modules/react-native-permissions/ios/SpeechRecognition.podspec
  Permission-StoreKit:
    :path: ../node_modules/react-native-permissions/ios/StoreKit.podspec
  RCTRequired:
    :path: ../node_modules/react-native/Libraries/RCTRequired
  RCTTypeSafety:
    :path: ../node_modules/react-native/Libraries/TypeSafety
  React:
    :path: ../node_modules/react-native/
  React-Core:
    :path: ../node_modules/react-native/
  React-CoreModules:
    :path: ../node_modules/react-native/React/CoreModules
  React-cxxreact:
    :path: ../node_modules/react-native/ReactCommon/cxxreact
  React-jsi:
    :path: ../node_modules/react-native/ReactCommon/jsi
  React-jsiexecutor:
    :path: ../node_modules/react-native/ReactCommon/jsiexecutor
  React-jsinspector:
    :path: ../node_modules/react-native/ReactCommon/jsinspector
  react-native-branch:
    :path: ../node_modules/react-native-branch
  react-native-calendar-events:
    :path: ../node_modules/react-native-calendar-events
  react-native-camera:
    :path: ../node_modules/react-native-camera
  react-native-cameraroll:
    :path: ../node_modules/@react-native-community/cameraroll
  react-native-contacts:
    :path: ../node_modules/react-native-contacts
  react-native-geocoder:
    :path: ../node_modules/react-native-geocoder
  react-native-geolocation:
    :path: ../node_modules/@react-native-community/geolocation
  react-native-image-picker:
    :path: ../node_modules/react-native-image-picker
  react-native-image-resizer:
    :path: ../node_modules/react-native-image-resizer
  react-native-keep-awake:
    :path: ../node_modules/react-native-keep-awake
  react-native-mapbox-gl:
    :path: ../node_modules/@react-native-mapbox-gl/maps
  react-native-maps:
    :path: ../node_modules/react-native-maps
  react-native-mixpanel:
    :path: ../node_modules/react-native-mixpanel
  react-native-nodemediaclient:
    :path: ../node_modules/react-native-nodemediaclient
  react-native-orientation-locker:
    :path: ../node_modules/react-native-orientation-locker
  react-native-sms:
    :path: ../node_modules/react-native-sms
  react-native-splash-screen:
    :path: ../node_modules/react-native-splash-screen
  react-native-statusbar:
    :path: ../node_modules/@react-native-community/status-bar
  react-native-video:
    :path: ../node_modules/react-native-video
  react-native-video-helper:
    :path: ../node_modules/react-native-video-helper
  React-RCTActionSheet:
    :path: ../node_modules/react-native/Libraries/ActionSheetIOS
  React-RCTAnimation:
    :path: ../node_modules/react-native/Libraries/NativeAnimation
  React-RCTBlob:
    :path: ../node_modules/react-native/Libraries/Blob
  React-RCTImage:
    :path: ../node_modules/react-native/Libraries/Image
  React-RCTLinking:
    :path: ../node_modules/react-native/Libraries/LinkingIOS
  React-RCTNetwork:
    :path: ../node_modules/react-native/Libraries/Network
  React-RCTSettings:
    :path: ../node_modules/react-native/Libraries/Settings
  React-RCTText:
    :path: ../node_modules/react-native/Libraries/Text
  React-RCTVibration:
    :path: ../node_modules/react-native/Libraries/Vibration
  ReactCommon:
    :path: ../node_modules/react-native/ReactCommon
  ReactNativeAutogrowTextinput:
    :path: ../node_modules/react-native-autogrow-textinput
  ReactNativeKeyboardInput:
    :path: ../node_modules/react-native-keyboard-input
  ReactNativeKeyboardTrackingView:
    :path: ../node_modules/react-native-keyboard-tracking-view
  rn-fetch-blob:
    :path: ../node_modules/rn-fetch-blob
  RNAwesomeCardIO:
    :path: ../node_modules/react-native-awesome-card-io
  RNCAsyncStorage:
    :path: ../node_modules/@react-native-community/async-storage
  RNFastImage:
    :path: ../node_modules/react-native-fast-image
  RNFirebase:
    :path: ../node_modules/react-native-firebase/ios
  RNFS:
    :path: ../node_modules/react-native-fs
  RNGestureHandler:
    :path: ../node_modules/react-native-gesture-handler
  RNInAppBrowser:
    :path: ../node_modules/react-native-inappbrowser-reborn
  RNPermissions:
    :path: ../node_modules/react-native-permissions
  RNReanimated:
    :path: ../node_modules/react-native-reanimated
  RNScreens:
    :path: ../node_modules/react-native-screens
  RNSVG:
    :path: ../node_modules/react-native-svg
  RNVectorIcons:
    :path: ../node_modules/react-native-vector-icons
  tipsi-stripe:
    :path: ../node_modules/tipsi-stripe
  Yoga:
    :path: ../node_modules/react-native/ReactCommon/yoga

SPEC CHECKSUMS:
  boost-for-react-native: 39c7adb57c4e60d6c5479dd8623128eb5b3f0f2c
  Branch: 1ace77c04b6e3efbf982bf4364f0662bfac156a0
  BVLinearGradient: b0b70acf63ee888829b7c2ebbf6b50e227396e55
  Crashlytics: 540b7e5f5da5a042647227a5e3ac51d85eed06df
  DoubleConversion: 5805e889d232975c086db112ece9ed034df7a0b2
  Fabric: 706c8b8098fff96c33c0db69cbf81f9c551d0d74
  FBLazyVector: cb37b5590a27600f0a889222d7c1f019625f4168
  FBReactNativeSpec: 6fda0eee5b059ee8ea0f845f4060620ff96b5b55
  Firebase: 458d109512200d1aca2e1b9b6cf7d68a869a4a46
  FirebaseAnalytics: 45f36d9c429fc91d206283900ab75390cd05ee8a
  FirebaseAnalyticsInterop: d48b6ab67bcf016a05e55b71fc39c61c0cb6b7f3
  FirebaseAuth: 7d0f84873926f6648bbd1391a318dfb1a26b5e4f
  FirebaseAuthInterop: 0ffa57668be100582bb7643d4fcb7615496c41fc
  FirebaseCore: 307ea2508df730c5865334e41965bd9ea344b0e5
  FirebaseCoreDiagnostics: 511f4f3ed7d440bb69127e8b97c2bc8befae639e
  FirebaseCoreDiagnosticsInterop: e9b1b023157e3a2fc6418b5cb601e79b9af7b3a0
  FirebaseDatabase: 963515d232ded06f36f6ce830507c94551866170
  FirebaseInstanceID: ebd2ea79ee38db0cb5f5167b17a0d387e1cc7b6e
  FirebaseMessaging: e8d71368a5c579083da02203146c953f3386d503
  FirebaseStorage: 046abe9ac4e2a1a0e47d72f536490ffa50896632
  Folly: 30e7936e1c45c08d884aa59369ed951a8e68cf51
  glog: 1f3da668190260b06b429bb211bfbee5cd790c28
  GoogleAppMeasurement: dfe55efa543e899d906309eaaac6ca26d249862f
  GoogleDataTransport: 8e9b210c97d55fbff306cc5468ff91b9cb32dcf5
  GoogleDataTransportCCTSupport: ef79a4728b864946a8aafdbab770d5294faf3b5f
  GoogleUtilities: 547a86735c6f0ee30ad17e94df4fc21f616b71cb
  GTMSessionFetcher: 43b8b64263023d4f32caa0b40f4c8bfa3c5f36d8
  leveldb-library: 55d93ee664b4007aac644a782d11da33fba316f7
  libwebp: 057912d6d0abfb6357d8bb05c0ea470301f5d61e
  Mixpanel: 399997670f5452de026449f9e9ecd52eccbb9ff7
  nanopb: 18003b5e52dab79db540fe93fe9579f399bd1ccd
  NodeMediaClient: abfa3d21e314e6577c6adbed0a7c5395d47c9f55
  Permission-BluetoothPeripheral: d277013fe7f5d1c3f17094786f74535cca04d23b
  Permission-Calendars: 84882884d0ed6452d35b761cbb724bdc37bba5cf
  Permission-Camera: edf691d05c6a37d588c1245a62bb53cdbed5f6ca
  Permission-Contacts: a3fc7fc7c2fa7c929791423cb4155f194fa6368f
  Permission-FaceID: f016aad382561397acb3932736a247321222218b
  Permission-LocationAlways: 9dd346ec4bd7aa43749acbe87f293df40e671b74
  Permission-LocationWhenInUse: b7140659f4fbb8c1c883d93f1e4d3d513ff13351
  Permission-MediaLibrary: 42313ecf9f4974a62a9f74cd2d34a72dc99c29f7
  Permission-Microphone: 52676a9967eaca6ba6f09d275c9c35020b583add
  Permission-Motion: 8ed89f1fe3545856fb62a196a01f63abfda55918
  Permission-Notifications: 762ab4ed59676de16adeca3cbdda7339cd21bedc
  Permission-PhotoLibrary: cc2a7040ab02d344f24536703f1e1fd4cea4fa37
  Permission-Reminders: b33563320383a9c9bdac9745aa915d1d3a4a431b
  Permission-Siri: 8a8683e3ac0997d0534f3f02da871cb40987eea3
  Permission-SpeechRecognition: 2da97ac887497efe94b0d4df7d869b880a7aab29
  Permission-StoreKit: 646720f7ecc94b9314e319429350bed973aacb5e
  Protobuf: 20d79da7f20b5928b80043b05080b816e802659e
  RCTRequired: 81db8debffc2eb932841fa02dcf5a2e911af74c1
  RCTTypeSafety: 39a7d8643abe2460aef0adeb9acbe9401b579fff
  React: 89f2294058332cf7c4feee644e17d5024da1f531
  React-Core: c55956aa434fae94816b665f99d51d50f48d5993
  React-CoreModules: c70b9db4f48e31474bb022716fff41983b335ce2
  React-cxxreact: 1dbe583c02d15d269f13451d203e645bb233fc96
  React-jsi: f9126dd5818fbd8fbf869be9bbc1c0543973e1a1
  React-jsiexecutor: 752f034d0f007d1141a1c52ba9ef3fd9668fbfa7
  React-jsinspector: 044105eea064aec81adc5e4d777a8f6589e7d094
  react-native-branch: 0bef2ccf15612df52b8103cb1b2b7af6b213b8dc
  react-native-calendar-events: fe6fbc8ed337a7423c98f2c9012b25f20444de09
  react-native-camera: 9c50d7def800895e7991ccda6203929553ceec9c
  react-native-cameraroll: a0817e9d2e054f166500e3ca1c70f2e7c615c66a
  react-native-contacts: 37359cc1f95ef1eab1c3bd541845a95a0b7b8ea6
  react-native-geocoder: 33b16a5929aa868fef37acb4f7ee10a428cd5fff
  react-native-geolocation: 8710b1bae31e734191273344d52141151b94bb3f
  react-native-image-picker: 02cc046cf072f1254fb6eba51990a3f25e138cb4
  react-native-image-resizer: 04a3409e7d4ad646c4468671c69dec490def139c
  react-native-keep-awake: 0de4bd66de0c23178107dce0c2fcc3354b2a8e94
  react-native-mapbox-gl: 099d223de88d75815e3a5a0a04b64c970b929105
  react-native-maps: bb480348a3fe1e5a811fed1ba3387b329161c5cc
  react-native-mixpanel: 54620bfd812d25ab4828c2935458e6cd85367056
  react-native-nodemediaclient: bd26aa8bc61811715e4a3319b58a66f1201e923b
  react-native-orientation-locker: 43c5da4c23f4ff38e7482db80083f0e682259d6a
  react-native-sms: d11ae42d9e7b9de59d7e778d43c6a5983710f95a
  react-native-splash-screen: a49be22f0f6648b8416f3bd28258645eeaa5b42b
  react-native-statusbar: e5562dc498ae684a62fe96f35aaaf2051a51115a
  react-native-video: 44c6befbc1526283ca1919891fcebe4680feade4
  react-native-video-helper: 1474de1dda7744c10057e1a1ce5cd6c5ba70a608
  React-RCTActionSheet: 49433f6e3659ba5d3ee650e44b9c18743ef9a7fc
  React-RCTAnimation: 12f86a4e3542032329366b03bca2cc254a7c64a9
  React-RCTBlob: ba90a4144ad478a022b79a4e8a1f150548d39425
  React-RCTImage: f652d97e49f4b0f26c7df336e723a0d259179967
  React-RCTLinking: e738422857085a1c40c57505a25920160d365783
  React-RCTNetwork: d0d635ad07deed0c05a1b1499d1ab4ce5c41ac97
  React-RCTSettings: ae6f8b64ee5c5e4fc629f5109042e122fd0fd14b
  React-RCTText: 3f24042210886ee8c02613758013010be04b291e
  React-RCTVibration: d55e1365be416980217914fe009e9d55dec02e03
  ReactCommon: eb96b70a2a5bed775e919151fd77699fed52944c
  ReactNativeAutogrowTextinput: 214dc74c8c6b50973f2b4dd4f7d9c1d5683bcf7a
  ReactNativeKeyboardInput: c0c9509894f75d924de28190adc9a38fee9d1b23
  ReactNativeKeyboardTrackingView: 4740011f7d4c1fa0b53ec9ff8f00c516d4a65ba6
  rn-fetch-blob: e10cd24d6b0e116d1ecfcd0d0b4c3936f8336f97
  RNAwesomeCardIO: 3a48cf16f3de5296d424a00e48c7932e5c888340
  RNCAsyncStorage: e99188b8a89ea0edddc82d8831cd5142f4550fdc
  RNFastImage: b9535ebddb6105f5d244b023d79676979cb14034
  RNFirebase: ca408d6bee0ca9383bd0cfe84f40b01370b8ad4d
  RNFS: 63be1ccb4bf27a09d1cf7f481c86fdfba9e4a0a2
  RNGestureHandler: 311e3b1cef021a7c9ef31e97e7dc31970cc6288d
  RNInAppBrowser: 13e6fe396c274632dbbcc9f963edbf82f5dc24b3
  RNPermissions: 09451e563764b938c2bbc945ca430f758044f0dd
  RNReanimated: 438b025d37de68a20188ead653ad5a5050b65990
  RNScreens: cbad3ccd2798bd19cc9ca5070e95e31c950b50ac
  RNSVG: 2e097b92aaa6d4e0f354fd7c49cbf3b17f8b3920
  RNVectorIcons: 66af4d5c8ff4f584c7b7cd9c4b0780920f27fce2
  SDWebImage: 5bf6aec6481ae2a062bdc59f9d6c1d1e552090e0
  SDWebImageWebPCoder: 947093edd1349d820c40afbd9f42acb6cdecd987
  Stripe: db29ad197c74aca6fb981e4e8355cf7ebd0fca5a
  tipsi-stripe: 237cab79699eb7d354bfc09238b3284e3b8dad84
  Yoga: 6af72bedeaea291a3a3717772d6d41836f23a1b9

PODFILE CHECKSUM: b21c90053f4dcd5407bb47e9e9a834fc19d9df79

COCOAPODS: 1.4.0
